
Microsoft Visual Studio Solution File, Format Version 12.00
# Visual Studio Version 16
VisualStudioVersion = 16.0.31624.102
MinimumVisualStudioVersion = 10.0.40219.1
Project("{9A19103F-16F7-4668-BE54-9A1E7A4F7556}") = "ConsoleUI", "ConsoleUI\ConsoleUI.csproj", "{F00491D1-36A9-4920-832F-9FA5723D8D0B}"
EndProject
Project("{9A19103F-16F7-4668-BE54-9A1E7A4F7556}") = "Core", "Core\Core.csproj", "{08106C74-02B5-472E-82DB-8C6522511DAA}"
EndProject
Project("{9A19103F-16F7-4668-BE54-9A1E7A4F7556}") = "DataAccess", "DataAccess\DataAccess.csproj", "{F5554022-9DD3-4500-A6FD-7EF4868566C2}"
EndProject
Project("{9A19103F-16F7-4668-BE54-9A1E7A4F7556}") = "Entities", "Entities\Entities.csproj", "{1D0C4D20-0159-4C3E-9BA0-CDA7C7CAA1AE}"
EndProject
Project("{9A19103F-16F7-4668-BE54-9A1E7A4F7556}") = "Business1", "Business1\Business1.csproj", "{C654FDF6-06CD-423B-80E6-91EF784176A9}"
EndProject
Project("{FAE04EC0-301F-11D3-BF4B-00C04F79EFBC}") = "WebAPI", "WebAPI\WebAPI.csproj", "{0663DB46-7EE4-4B37-9B6F-6A984650701D}"
EndProject
Global
	GlobalSection(SolutionConfigurationPlatforms) = preSolution
		Debug|Any CPU = Debug|Any CPU
		Release|Any CPU = Release|Any CPU
	EndGlobalSection
	GlobalSection(ProjectConfigurationPlatforms) = postSolution
		{F00491D1-36A9-4920-832F-9FA5723D8D0B}.Debug|Any CPU.ActiveCfg = Debug|Any CPU
		{F00491D1-36A9-4920-832F-9FA5723D8D0B}.Debug|Any CPU.Build.0 = Debug|Any CPU
		{F00491D1-36A9-4920-832F-9FA5723D8D0B}.Release|Any CPU.ActiveCfg = Release|Any CPU
		{F00491D1-36A9-4920-832F-9FA5723D8D0B}.Release|Any CPU.Build.0 = Release|Any CPU
		{08106C74-02B5-472E-82DB-8C6522511DAA}.Debug|Any CPU.ActiveCfg = Debug|Any CPU
		{08106C74-02B5-472E-82DB-8C6522511DAA}.Debug|Any CPU.Build.0 = Debug|Any CPU
		{08106C74-02B5-472E-82DB-8C6522511DAA}.Release|Any CPU.ActiveCfg = Release|Any CPU
		{08106C74-02B5-472E-82DB-8C6522511DAA}.Release|Any CPU.Build.0 = Release|Any CPU
		{F5554022-9DD3-4500-A6FD-7EF4868566C2}.Debug|Any CPU.ActiveCfg = Debug|Any CPU
		{F5554022-9DD3-4500-A6FD-7EF4868566C2}.Debug|Any CPU.Build.0 = Debug|Any CPU
		{F5554022-9DD3-4500-A6FD-7EF4868566C2}.Release|Any CPU.ActiveCfg = Release|Any CPU
		{F5554022-9DD3-4500-A6FD-7EF4868566C2}.Release|Any CPU.Build.0 = Release|Any CPU
		{1D0C4D20-0159-4C3E-9BA0-CDA7C7CAA1AE}.Debug|Any CPU.ActiveCfg = Debug|Any CPU
		{1D0C4D20-0159-4C3E-9BA0-CDA7C7CAA1AE}.Debug|Any CPU.Build.0 = Debug|Any CPU
		{1D0C4D20-0159-4C3E-9BA0-CDA7C7CAA1AE}.Release|Any CPU.ActiveCfg = Release|Any CPU
		{1D0C4D20-0159-4C3E-9BA0-CDA7C7CAA1AE}.Release|Any CPU.Build.0 = Release|Any CPU
		{C654FDF6-06CD-423B-80E6-91EF784176A9}.Debug|Any CPU.ActiveCfg = Debug|Any CPU
		{C654FDF6-06CD-423B-80E6-91EF784176A9}.Debug|Any CPU.Build.0 = Debug|Any CPU
		{C654FDF6-06CD-423B-80E6-91EF784176A9}.Release|Any CPU.ActiveCfg = Release|Any CPU
		{C654FDF6-06CD-423B-80E6-91EF784176A9}.Release|Any CPU.Build.0 = Release|Any CPU
		{0663DB46-7EE4-4B37-9B6F-6A984650701D}.Debug|Any CPU.ActiveCfg = Debug|Any CPU
		{0663DB46-7EE4-4B37-9B6F-6A984650701D}.Debug|Any CPU.Build.0 = Debug|Any CPU
		{0663DB46-7EE4-4B37-9B6F-6A984650701D}.Release|Any CPU.ActiveCfg = Release|Any CPU
		{0663DB46-7EE4-4B37-9B6F-6A984650701D}.Release|Any CPU.Build.0 = Release|Any CPU
	EndGlobalSection
	GlobalSection(SolutionProperties) = preSolution
		HideSolutionNode = FALSE
	EndGlobalSection
	GlobalSection(ExtensibilityGlobals) = postSolution
		SolutionGuid = {6ACBFC67-3258-4A15-9106-F3421DD48120}
	EndGlobalSection
EndGlobal
